// !$*UTF8*$!
{
	archiveVersion = 1;
	classes = {
	};
	objectVersion = 46;
	objects = {

/* Begin PBXBuildFile section */
		012D9E311EA874D3009F0F7F /* RGDataFetchOperation.m in Sources */ = {isa = PBXBuildFile; fileRef = 012D9E2E1EA874D3009F0F7F /* RGDataFetchOperation.m */; };
		012D9E321EA874D3009F0F7F /* RGURLDataFetcher.m in Sources */ = {isa = PBXBuildFile; fileRef = 012D9E301EA874D3009F0F7F /* RGURLDataFetcher.m */; };
		0170E55F1E9AFB0C00CF87A0 /* RGCustomNSOperation.m in Sources */ = {isa = PBXBuildFile; fileRef = 0170E55E1E9AFB0C00CF87A0 /* RGCustomNSOperation.m */; };
		01A4D2E61E901A4B003E3BF4 /* URLViewController.m in Sources */ = {isa = PBXBuildFile; fileRef = 01A4D2E51E901A4B003E3BF4 /* URLViewController.m */; };
		01A4D2E91E901A5F003E3BF4 /* URLView.m in Sources */ = {isa = PBXBuildFile; fileRef = 01A4D2E81E901A5F003E3BF4 /* URLView.m */; };
		01A4D2EC1E90291F003E3BF4 /* RGiTunesTableCellViewModel.m in Sources */ = {isa = PBXBuildFile; fileRef = 01A4D2EB1E90291F003E3BF4 /* RGiTunesTableCellViewModel.m */; };
		01A4D2F31E902F3D003E3BF4 /* RGTableViewDataSource.m in Sources */ = {isa = PBXBuildFile; fileRef = 01A4D2F21E902F3D003E3BF4 /* RGTableViewDataSource.m */; };
		01A4D2F51E903CA6003E3BF4 /* Launch Screen.storyboard in Resources */ = {isa = PBXBuildFile; fileRef = 01A4D2F41E903CA6003E3BF4 /* Launch Screen.storyboard */; };
		01A4D2F81E904A99003E3BF4 /* RGTableViewCell.m in Sources */ = {isa = PBXBuildFile; fileRef = 01A4D2F71E904A99003E3BF4 /* RGTableViewCell.m */; };
		01CCE3B71E823A5C00669A11 /* main.m in Sources */ = {isa = PBXBuildFile; fileRef = 01CCE3B61E823A5C00669A11 /* main.m */; };
		01CCE3BA1E823A5C00669A11 /* AppDelegate.m in Sources */ = {isa = PBXBuildFile; fileRef = 01CCE3B91E823A5C00669A11 /* AppDelegate.m */; };
		01CCE3C21E823A5C00669A11 /* Assets.xcassets in Resources */ = {isa = PBXBuildFile; fileRef = 01CCE3C11E823A5C00669A11 /* Assets.xcassets */; };
/* End PBXBuildFile section */

/* Begin PBXFileReference section */
		012D9E2D1EA874D3009F0F7F /* RGDataFetchOperation.h */ = {isa = PBXFileReference; fileEncoding = 4; lastKnownFileType = sourcecode.c.h; name = RGDataFetchOperation.h; path = ../URLUtils/RGDataFetchOperation.h; sourceTree = "<group>"; };
		012D9E2E1EA874D3009F0F7F /* RGDataFetchOperation.m */ = {isa = PBXFileReference; fileEncoding = 4; lastKnownFileType = sourcecode.c.objc; name = RGDataFetchOperation.m; path = ../URLUtils/RGDataFetchOperation.m; sourceTree = "<group>"; };
		012D9E2F1EA874D3009F0F7F /* RGURLDataFetcher.h */ = {isa = PBXFileReference; fileEncoding = 4; lastKnownFileType = sourcecode.c.h; name = RGURLDataFetcher.h; path = ../URLUtils/RGURLDataFetcher.h; sourceTree = "<group>"; };
		012D9E301EA874D3009F0F7F /* RGURLDataFetcher.m */ = {isa = PBXFileReference; fileEncoding = 4; lastKnownFileType = sourcecode.c.objc; name = RGURLDataFetcher.m; path = ../URLUtils/RGURLDataFetcher.m; sourceTree = "<group>"; };
		0170E55D1E9AFB0C00CF87A0 /* RGCustomNSOperation.h */ = {isa = PBXFileReference; fileEncoding = 4; lastKnownFileType = sourcecode.c.h; name = RGCustomNSOperation.h; path = ../../RGCustomNSOperation.h; sourceTree = "<group>"; };
		0170E55E1E9AFB0C00CF87A0 /* RGCustomNSOperation.m */ = {isa = PBXFileReference; fileEncoding = 4; lastKnownFileType = sourcecode.c.objc; name = RGCustomNSOperation.m; path = ../../RGCustomNSOperation.m; sourceTree = "<group>"; };
		01A4D2E41E901A4B003E3BF4 /* URLViewController.h */ = {isa = PBXFileReference; fileEncoding = 4; lastKnownFileType = sourcecode.c.h; path = URLViewController.h; sourceTree = "<group>"; };
		01A4D2E51E901A4B003E3BF4 /* URLViewController.m */ = {isa = PBXFileReference; fileEncoding = 4; lastKnownFileType = sourcecode.c.objc; path = URLViewController.m; sourceTree = "<group>"; };
		01A4D2E71E901A5F003E3BF4 /* URLView.h */ = {isa = PBXFileReference; fileEncoding = 4; lastKnownFileType = sourcecode.c.h; path = URLView.h; sourceTree = "<group>"; };
		01A4D2E81E901A5F003E3BF4 /* URLView.m */ = {isa = PBXFileReference; fileEncoding = 4; lastKnownFileType = sourcecode.c.objc; path = URLView.m; sourceTree = "<group>"; };
		01A4D2EA1E90291F003E3BF4 /* RGiTunesTableCellViewModel.h */ = {isa = PBXFileReference; fileEncoding = 4; lastKnownFileType = sourcecode.c.h; path = RGiTunesTableCellViewModel.h; sourceTree = "<group>"; };
		01A4D2EB1E90291F003E3BF4 /* RGiTunesTableCellViewModel.m */ = {isa = PBXFileReference; fileEncoding = 4; lastKnownFileType = sourcecode.c.objc; path = RGiTunesTableCellViewModel.m; sourceTree = "<group>"; };
		01A4D2F11E902F3D003E3BF4 /* RGTableViewDataSource.h */ = {isa = PBXFileReference; fileEncoding = 4; lastKnownFileType = sourcecode.c.h; path = RGTableViewDataSource.h; sourceTree = "<group>"; };
		01A4D2F21E902F3D003E3BF4 /* RGTableViewDataSource.m */ = {isa = PBXFileReference; fileEncoding = 4; lastKnownFileType = sourcecode.c.objc; path = RGTableViewDataSource.m; sourceTree = "<group>"; };
		01A4D2F41E903CA6003E3BF4 /* Launch Screen.storyboard */ = {isa = PBXFileReference; fileEncoding = 4; lastKnownFileType = file.storyboard; path = "Launch Screen.storyboard"; sourceTree = "<group>"; };
		01A4D2F61E904A99003E3BF4 /* RGTableViewCell.h */ = {isa = PBXFileReference; fileEncoding = 4; lastKnownFileType = sourcecode.c.h; path = RGTableViewCell.h; sourceTree = "<group>"; };
		01A4D2F71E904A99003E3BF4 /* RGTableViewCell.m */ = {isa = PBXFileReference; fileEncoding = 4; lastKnownFileType = sourcecode.c.objc; path = RGTableViewCell.m; sourceTree = "<group>"; };
		01CCE3B21E823A5C00669A11 /* RGURLConnection.app */ = {isa = PBXFileReference; explicitFileType = wrapper.application; includeInIndex = 0; path = RGURLConnection.app; sourceTree = BUILT_PRODUCTS_DIR; };
		01CCE3B61E823A5C00669A11 /* main.m */ = {isa = PBXFileReference; lastKnownFileType = sourcecode.c.objc; path = main.m; sourceTree = "<group>"; };
		01CCE3B81E823A5C00669A11 /* AppDelegate.h */ = {isa = PBXFileReference; lastKnownFileType = sourcecode.c.h; path = AppDelegate.h; sourceTree = "<group>"; };
		01CCE3B91E823A5C00669A11 /* AppDelegate.m */ = {isa = PBXFileReference; lastKnownFileType = sourcecode.c.objc; path = AppDelegate.m; sourceTree = "<group>"; };
		01CCE3C11E823A5C00669A11 /* Assets.xcassets */ = {isa = PBXFileReference; lastKnownFileType = folder.assetcatalog; path = Assets.xcassets; sourceTree = "<group>"; };
		01CCE3C61E823A5C00669A11 /* Info.plist */ = {isa = PBXFileReference; lastKnownFileType = text.plist.xml; path = Info.plist; sourceTree = "<group>"; };
/* End PBXFileReference section */

/* Begin PBXFrameworksBuildPhase section */
		01CCE3AF1E823A5C00669A11 /* Frameworks */ = {
			isa = PBXFrameworksBuildPhase;
			buildActionMask = 2147483647;
			files = (
			);
			runOnlyForDeploymentPostprocessing = 0;
		};
/* End PBXFrameworksBuildPhase section */

/* Begin PBXGroup section */
		012D9E331EA874DA009F0F7F /* Utils */ = {
			isa = PBXGroup;
			children = (
				012D9E2D1EA874D3009F0F7F /* RGDataFetchOperation.h */,
				012D9E2E1EA874D3009F0F7F /* RGDataFetchOperation.m */,
				012D9E2F1EA874D3009F0F7F /* RGURLDataFetcher.h */,
				012D9E301EA874D3009F0F7F /* RGURLDataFetcher.m */,
			);
			name = Utils;
			sourceTree = "<group>";
		};
		01A4D2ED1E90292E003E3BF4 /* View Controller */ = {
			isa = PBXGroup;
			children = (
				01A4D2E41E901A4B003E3BF4 /* URLViewController.h */,
				01A4D2E51E901A4B003E3BF4 /* URLViewController.m */,
			);
			name = "View Controller";
			sourceTree = "<group>";
		};
		01A4D2EE1E90293B003E3BF4 /* VIews */ = {
			isa = PBXGroup;
			children = (
				01A4D2F61E904A99003E3BF4 /* RGTableViewCell.h */,
				01A4D2F71E904A99003E3BF4 /* RGTableViewCell.m */,
				01A4D2E71E901A5F003E3BF4 /* URLView.h */,
				01A4D2E81E901A5F003E3BF4 /* URLView.m */,
			);
			name = VIews;
			sourceTree = "<group>";
		};
		01A4D2EF1E902943003E3BF4 /* Models */ = {
			isa = PBXGroup;
			children = (
				01A4D2EA1E90291F003E3BF4 /* RGiTunesTableCellViewModel.h */,
				01A4D2EB1E90291F003E3BF4 /* RGiTunesTableCellViewModel.m */,
			);
			name = Models;
			sourceTree = "<group>";
		};
		01A4D2F01E902F12003E3BF4 /* Utils */ = {
			isa = PBXGroup;
			children = (
				01A4D2F11E902F3D003E3BF4 /* RGTableViewDataSource.h */,
				01A4D2F21E902F3D003E3BF4 /* RGTableViewDataSource.m */,
				0170E55D1E9AFB0C00CF87A0 /* RGCustomNSOperation.h */,
				0170E55E1E9AFB0C00CF87A0 /* RGCustomNSOperation.m */,
			);
			name = Utils;
			sourceTree = "<group>";
		};
		01CCE3A91E823A5C00669A11 = {
			isa = PBXGroup;
			children = (
				012D9E331EA874DA009F0F7F /* Utils */,
				01A4D2F41E903CA6003E3BF4 /* Launch Screen.storyboard */,
				01CCE3B41E823A5C00669A11 /* RGURLConnection */,
				01CCE3B31E823A5C00669A11 /* Products */,
			);
			sourceTree = "<group>";
		};
		01CCE3B31E823A5C00669A11 /* Products */ = {
			isa = PBXGroup;
			children = (
				01CCE3B21E823A5C00669A11 /* RGURLConnection.app */,
			);
			name = Products;
			sourceTree = "<group>";
		};
		01CCE3B41E823A5C00669A11 /* RGURLConnection */ = {
			isa = PBXGroup;
			children = (
				01CCE3B81E823A5C00669A11 /* AppDelegate.h */,
				01CCE3B91E823A5C00669A11 /* AppDelegate.m */,
				01A4D2F01E902F12003E3BF4 /* Utils */,
				01A4D2EF1E902943003E3BF4 /* Models */,
				01A4D2EE1E90293B003E3BF4 /* VIews */,
				01A4D2ED1E90292E003E3BF4 /* View Controller */,
				01CCE3C11E823A5C00669A11 /* Assets.xcassets */,
				01CCE3C61E823A5C00669A11 /* Info.plist */,
				01CCE3B51E823A5C00669A11 /* Supporting Files */,
			);
			path = RGURLConnection;
			sourceTree = "<group>";
		};
		01CCE3B51E823A5C00669A11 /* Supporting Files */ = {
			isa = PBXGroup;
			children = (
				01CCE3B61E823A5C00669A11 /* main.m */,
			);
			name = "Supporting Files";
			sourceTree = "<group>";
		};
/* End PBXGroup section */

/* Begin PBXNativeTarget section */
		01CCE3B11E823A5C00669A11 /* RGURLConnection */ = {
			isa = PBXNativeTarget;
			buildConfigurationList = 01CCE3C91E823A5C00669A11 /* Build configuration list for PBXNativeTarget "RGURLConnection" */;
			buildPhases = (
				01CCE3AE1E823A5C00669A11 /* Sources */,
				01CCE3AF1E823A5C00669A11 /* Frameworks */,
				01CCE3B01E823A5C00669A11 /* Resources */,
			);
			buildRules = (
			);
			dependencies = (
			);
			name = RGURLConnection;
			productName = RGURLConnection;
			productReference = 01CCE3B21E823A5C00669A11 /* RGURLConnection.app */;
			productType = "com.apple.product-type.application";
		};
/* End PBXNativeTarget section */

/* Begin PBXProject section */
		01CCE3AA1E823A5C00669A11 /* Project object */ = {
			isa = PBXProject;
			attributes = {
				LastUpgradeCheck = 0820;
				ORGANIZATIONNAME = "Roshan Goli";
				TargetAttributes = {
					01CCE3B11E823A5C00669A11 = {
						CreatedOnToolsVersion = 8.2.1;
						DevelopmentTeam = Y3QN5VQT38;
						ProvisioningStyle = Automatic;
					};
				};
			};
			buildConfigurationList = 01CCE3AD1E823A5C00669A11 /* Build configuration list for PBXProject "RGURLConnection" */;
			compatibilityVersion = "Xcode 3.2";
			developmentRegion = English;
			hasScannedForEncodings = 0;
			knownRegions = (
				en,
				Base,
			);
			mainGroup = 01CCE3A91E823A5C00669A11;
			productRefGroup = 01CCE3B31E823A5C00669A11 /* Products */;
			projectDirPath = "";
			projectRoot = "";
			targets = (
				01CCE3B11E823A5C00669A11 /* RGURLConnection */,
			);
		};
/* End PBXProject section */

/* Begin PBXResourcesBuildPhase section */
		01CCE3B01E823A5C00669A11 /* Resources */ = {
			isa = PBXResourcesBuildPhase;
			buildActionMask = 2147483647;
			files = (
				01A4D2F51E903CA6003E3BF4 /* Launch Screen.storyboard in Resources */,
				01CCE3C21E823A5C00669A11 /* Assets.xcassets in Resources */,
			);
			runOnlyForDeploymentPostprocessing = 0;
		};
/* End PBXResourcesBuildPhase section */

/* Begin PBXSourcesBuildPhase section */
		01CCE3AE1E823A5C00669A11 /* Sources */ = {
			isa = PBXSourcesBuildPhase;
			buildActionMask = 2147483647;
			files = (
				01CCE3BA1E823A5C00669A11 /* AppDelegate.m in Sources */,
				01A4D2EC1E90291F003E3BF4 /* RGiTunesTableCellViewModel.m in Sources */,
				012D9E321EA874D3009F0F7F /* RGURLDataFetcher.m in Sources */,
				01CCE3B71E823A5C00669A11 /* main.m in Sources */,
				01A4D2F81E904A99003E3BF4 /* RGTableViewCell.m in Sources */,
				01A4D2F31E902F3D003E3BF4 /* RGTableViewDataSource.m in Sources */,
				012D9E311EA874D3009F0F7F /* RGDataFetchOperation.m in Sources */,
				01A4D2E91E901A5F003E3BF4 /* URLView.m in Sources */,
				01A4D2E61E901A4B003E3BF4 /* URLViewController.m in Sources */,
				0170E55F1E9AFB0C00CF87A0 /* RGCustomNSOperation.m in Sources */,
			);
			runOnlyForDeploymentPostprocessing = 0;
		};
/* End PBXSourcesBuildPhase section */

/* Begin XCBuildConfiguration section */
		01CCE3C71E823A5C00669A11 /* Debug */ = {
			isa = XCBuildConfiguration;
			buildSettings = {
				ALWAYS_SEARCH_USER_PATHS = NO;
				CLANG_ANALYZER_NONNULL = YES;
				CLANG_CXX_LANGUAGE_STANDARD = "gnu++0x";
				CLANG_CXX_LIBRARY = "libc++";
				CLANG_ENABLE_MODULES = YES;
				CLANG_ENABLE_OBJC_ARC = YES;
				CLANG_WARN_BOOL_CONVERSION = YES;
				CLANG_WARN_CONSTANT_CONVERSION = YES;
				CLANG_WARN_DIRECT_OBJC_ISA_USAGE = YES_ERROR;
				CLANG_WARN_DOCUMENTATION_COMMENTS = YES;
				CLANG_WARN_EMPTY_BODY = YES;
				CLANG_WARN_ENUM_CONVERSION = YES;
				CLANG_WARN_INFINITE_RECURSION = YES;
				CLANG_WARN_INT_CONVERSION = YES;
				CLANG_WARN_OBJC_ROOT_CLASS = YES_ERROR;
				CLANG_WARN_SUSPICIOUS_MOVE = YES;
				CLANG_WARN_UNREACHABLE_CODE = YES;
				CLANG_WARN__DUPLICATE_METHOD_MATCH = YES;
				"CODE_SIGN_IDENTITY[sdk=iphoneos*]" = "iPhone Developer";
				COPY_PHASE_STRIP = NO;
				DEBUG_INFORMATION_FORMAT = dwarf;
				ENABLE_STRICT_OBJC_MSGSEND = YES;
				ENABLE_TESTABILITY = YES;
				GCC_C_LANGUAGE_STANDARD = gnu99;
				GCC_DYNAMIC_NO_PIC = NO;
				GCC_NO_COMMON_BLOCKS = YES;
				GCC_OPTIMIZATION_LEVEL = 0;
				GCC_PREPROCESSOR_DEFINITIONS = (
					"DEBUG=1",
					"$(inherited)",
				);
				GCC_WARN_64_TO_32_BIT_CONVERSION = YES;
				GCC_WARN_ABOUT_RETURN_TYPE = YES_ERROR;
				GCC_WARN_UNDECLARED_SELECTOR = YES;
				GCC_WARN_UNINITIALIZED_AUTOS = YES_AGGRESSIVE;
				GCC_WARN_UNUSED_FUNCTION = YES;
				GCC_WARN_UNUSED_VARIABLE = YES;
				IPHONEOS_DEPLOYMENT_TARGET = 10.2;
				MTL_ENABLE_DEBUG_INFO = YES;
				ONLY_ACTIVE_ARCH = YES;
				SDKROOT = iphoneos;
			};
			name = Debug;
		};
		01CCE3C81E823A5C00669A11 /* Release */ = {
			isa = XCBuildConfiguration;
			buildSettings = {
				ALWAYS_SEARCH_USER_PATHS = NO;
				CLANG_ANALYZER_NONNULL = YES;
				CLANG_CXX_LANGUAGE_STANDARD = "gnu++0x";
				CLANG_CXX_LIBRARY = "libc++";
				CLANG_ENABLE_MODULES = YES;
				CLANG_ENABLE_OBJC_ARC = YES;
				CLANG_WARN_BOOL_CONVERSION = YES;
				CLANG_WARN_CONSTANT_CONVERSION = YES;
				CLANG_WARN_DIRECT_OBJC_ISA_USAGE = YES_ERROR;
				CLANG_WARN_DOCUMENTATION_COMMENTS = YES;
				CLANG_WARN_EMPTY_BODY = YES;
				CLANG_WARN_ENUM_CONVERSION = YES;
				CLANG_WARN_INFINITE_RECURSION = YES;
				CLANG_WARN_INT_CONVERSION = YES;
				CLANG_WARN_OBJC_ROOT_CLASS = YES_ERROR;
				CLANG_WARN_SUSPICIOUS_MOVE = YES;
				CLANG_WARN_UNREACHABLE_CODE = YES;
				CLANG_WARN__DUPLICATE_METHOD_MATCH = YES;
				"CODE_SIGN_IDENTITY[sdk=iphoneos*]" = "iPhone Developer";
				COPY_PHASE_STRIP = NO;
				DEBUG_INFORMATION_FORMAT = "dwarf-with-dsym";
				ENABLE_NS_ASSERTIONS = NO;
				ENABLE_STRICT_OBJC_MSGSEND = YES;
				GCC_C_LANGUAGE_STANDARD = gnu99;
				GCC_NO_COMMON_BLOCKS = YES;
				GCC_WARN_64_TO_32_BIT_CONVERSION = YES;
				GCC_WARN_ABOUT_RETURN_TYPE = YES_ERROR;
				GCC_WARN_UNDECLARED_SELECTOR = YES;
				GCC_WARN_UNINITIALIZED_AUTOS = YES_AGGRESSIVE;
				GCC_WARN_UNUSED_FUNCTION = YES;
				GCC_WARN_UNUSED_VARIABLE = YES;
				IPHONEOS_DEPLOYMENT_TARGET = 10.2;
				MTL_ENABLE_DEBUG_INFO = NO;
				SDKROOT = iphoneos;
				VALIDATE_PRODUCT = YES;
			};
			name = Release;
		};
		01CCE3CA1E823A5C00669A11 /* Debug */ = {
			isa = XCBuildConfiguration;
			buildSettings = {
				ASSETCATALOG_COMPILER_APPICON_NAME = AppIcon;
				DEVELOPMENT_TEAM = Y3QN5VQT38;
				INFOPLIST_FILE = RGURLConnection/Info.plist;
				LD_RUNPATH_SEARCH_PATHS = "$(inherited) @executable_path/Frameworks";
				PRODUCT_BUNDLE_IDENTIFIER = com.roshan.RGURLConnection;
				PRODUCT_NAME = "$(TARGET_NAME)";
			};
			name = Debug;
		};
		01CCE3CB1E823A5C00669A11 /* Release */ = {
			isa = XCBuildConfiguration;
			buildSettings = {
				ASSETCATALOG_COMPILER_APPICON_NAME = AppIcon;
				DEVELOPMENT_TEAM = Y3QN5VQT38;
				INFOPLIST_FILE = RGURLConnection/Info.plist;
				LD_RUNPATH_SEARCH_PATHS = "$(inherited) @executable_path/Frameworks";
				PRODUCT_BUNDLE_IDENTIFIER = com.roshan.RGURLConnection;
				PRODUCT_NAME = "$(TARGET_NAME)";
			};
			name = Release;
		};
/* End XCBuildConfiguration section */

/* Begin XCConfigurationList section */
		01CCE3AD1E823A5C00669A11 /* Build configuration list for PBXProject "RGURLConnection" */ = {
			isa = XCConfigurationList;
			buildConfigurations = (
				01CCE3C71E823A5C00669A11 /* Debug */,
				01CCE3C81E823A5C00669A11 /* Release */,
			);
			defaultConfigurationIsVisible = 0;
			defaultConfigurationName = Release;
		};
		01CCE3C91E823A5C00669A11 /* Build configuration list for PBXNativeTarget "RGURLConnection" */ = {
			isa = XCConfigurationList;
			buildConfigurations = (
				01CCE3CA1E823A5C00669A11 /* Debug */,
				01CCE3CB1E823A5C00669A11 /* Release */,
			);
			defaultConfigurationIsVisible = 0;
			defaultConfigurationName = Release;
		};
/* End XCConfigurationList section */
	};
	rootObject = 01CCE3AA1E823A5C00669A11 /* Project object */;
}
