// !$*UTF8*$!
{
	archiveVersion = 1;
	classes = {
	};
	objectVersion = 46;
	objects = {

/* Begin PBXBuildFile section */
		010C784A1EA86D6300D4DF82 /* main.m in Sources */ = {isa = PBXBuildFile; fileRef = 010C78491EA86D6300D4DF82 /* main.m */; };
		010C784D1EA86D6300D4DF82 /* AppDelegate.m in Sources */ = {isa = PBXBuildFile; fileRef = 010C784C1EA86D6300D4DF82 /* AppDelegate.m */; };
		010C78531EA86D6300D4DF82 /* Main.storyboard in Resources */ = {isa = PBXBuildFile; fileRef = 010C78511EA86D6300D4DF82 /* Main.storyboard */; };
		010C78551EA86D6300D4DF82 /* Assets.xcassets in Resources */ = {isa = PBXBuildFile; fileRef = 010C78541EA86D6300D4DF82 /* Assets.xcassets */; };
		010C78581EA86D6300D4DF82 /* LaunchScreen.storyboard in Resources */ = {isa = PBXBuildFile; fileRef = 010C78561EA86D6300D4DF82 /* LaunchScreen.storyboard */; };
		01794A981EB30623009090DE /* RGCustomNSOperation.m in Sources */ = {isa = PBXBuildFile; fileRef = 01794A971EB30623009090DE /* RGCustomNSOperation.m */; };
		01D505C11EEA5A3800C11982 /* RGBrokerageViewController.m in Sources */ = {isa = PBXBuildFile; fileRef = 01D505BE1EEA5A3800C11982 /* RGBrokerageViewController.m */; };
		01D505C21EEA5A3800C11982 /* RGStockDetailViewController.m in Sources */ = {isa = PBXBuildFile; fileRef = 01D505C01EEA5A3800C11982 /* RGStockDetailViewController.m */; };
		01D505C51EEA5A4B00C11982 /* RGStockSearchModel.m in Sources */ = {isa = PBXBuildFile; fileRef = 01D505C41EEA5A4B00C11982 /* RGStockSearchModel.m */; };
		01D505C81EEA5A6000C11982 /* RGBrokerageYahooFinanceDataParser.m in Sources */ = {isa = PBXBuildFile; fileRef = 01D505C71EEA5A6000C11982 /* RGBrokerageYahooFinanceDataParser.m */; };
		01D505D11EEA5A6F00C11982 /* RGBrokerageSearchBar.m in Sources */ = {isa = PBXBuildFile; fileRef = 01D505CA1EEA5A6F00C11982 /* RGBrokerageSearchBar.m */; };
		01D505D21EEA5A6F00C11982 /* RGMainCollectionView.m in Sources */ = {isa = PBXBuildFile; fileRef = 01D505CC1EEA5A6F00C11982 /* RGMainCollectionView.m */; };
		01D505D31EEA5A6F00C11982 /* RGStockDetailGraphView.m in Sources */ = {isa = PBXBuildFile; fileRef = 01D505CE1EEA5A6F00C11982 /* RGStockDetailGraphView.m */; };
		01D505D41EEA5A6F00C11982 /* RGStockSearchResultCell.m in Sources */ = {isa = PBXBuildFile; fileRef = 01D505D01EEA5A6F00C11982 /* RGStockSearchResultCell.m */; };
		01D505D71EEA5AC300C11982 /* RGStockModel.m in Sources */ = {isa = PBXBuildFile; fileRef = 01D505D61EEA5AC300C11982 /* RGStockModel.m */; };
		01D505DA1EEA617E00C11982 /* RGStockDetailModel.m in Sources */ = {isa = PBXBuildFile; fileRef = 01D505D91EEA617E00C11982 /* RGStockDetailModel.m */; };
		01F1E4471EB1B811000F1A94 /* RGURLDataFetcher.m in Sources */ = {isa = PBXBuildFile; fileRef = 01F1E4441EB1B811000F1A94 /* RGURLDataFetcher.m */; };
		01F1E4481EB1B811000F1A94 /* RGURLDataFetchOperation.m in Sources */ = {isa = PBXBuildFile; fileRef = 01F1E4461EB1B811000F1A94 /* RGURLDataFetchOperation.m */; };
		4A850E160B140E69D86683D3 /* Pods_RGBrokerage.framework in Frameworks */ = {isa = PBXBuildFile; fileRef = 548D26369AF302F0FCF040E6 /* Pods_RGBrokerage.framework */; };
/* End PBXBuildFile section */

/* Begin PBXFileReference section */
		010C78451EA86D6300D4DF82 /* RGBrokerage.app */ = {isa = PBXFileReference; explicitFileType = wrapper.application; includeInIndex = 0; path = RGBrokerage.app; sourceTree = BUILT_PRODUCTS_DIR; };
		010C78491EA86D6300D4DF82 /* main.m */ = {isa = PBXFileReference; lastKnownFileType = sourcecode.c.objc; path = main.m; sourceTree = "<group>"; };
		010C784B1EA86D6300D4DF82 /* AppDelegate.h */ = {isa = PBXFileReference; lastKnownFileType = sourcecode.c.h; path = AppDelegate.h; sourceTree = "<group>"; };
		010C784C1EA86D6300D4DF82 /* AppDelegate.m */ = {isa = PBXFileReference; lastKnownFileType = sourcecode.c.objc; path = AppDelegate.m; sourceTree = "<group>"; };
		010C78521EA86D6300D4DF82 /* Base */ = {isa = PBXFileReference; lastKnownFileType = file.storyboard; name = Base; path = Base.lproj/Main.storyboard; sourceTree = "<group>"; };
		010C78541EA86D6300D4DF82 /* Assets.xcassets */ = {isa = PBXFileReference; lastKnownFileType = folder.assetcatalog; path = Assets.xcassets; sourceTree = "<group>"; };
		010C78571EA86D6300D4DF82 /* Base */ = {isa = PBXFileReference; lastKnownFileType = file.storyboard; name = Base; path = Base.lproj/LaunchScreen.storyboard; sourceTree = "<group>"; };
		010C78591EA86D6300D4DF82 /* Info.plist */ = {isa = PBXFileReference; lastKnownFileType = text.plist.xml; path = Info.plist; sourceTree = "<group>"; };
		01794A961EB30623009090DE /* RGCustomNSOperation.h */ = {isa = PBXFileReference; fileEncoding = 4; lastKnownFileType = sourcecode.c.h; name = RGCustomNSOperation.h; path = ../../RGCustomNSOperation.h; sourceTree = "<group>"; };
		01794A971EB30623009090DE /* RGCustomNSOperation.m */ = {isa = PBXFileReference; fileEncoding = 4; lastKnownFileType = sourcecode.c.objc; name = RGCustomNSOperation.m; path = ../../RGCustomNSOperation.m; sourceTree = "<group>"; };
		01D505BD1EEA5A3800C11982 /* RGBrokerageViewController.h */ = {isa = PBXFileReference; fileEncoding = 4; lastKnownFileType = sourcecode.c.h; name = RGBrokerageViewController.h; path = Core/RGBrokerageViewController.h; sourceTree = "<group>"; };
		01D505BE1EEA5A3800C11982 /* RGBrokerageViewController.m */ = {isa = PBXFileReference; fileEncoding = 4; lastKnownFileType = sourcecode.c.objc; name = RGBrokerageViewController.m; path = Core/RGBrokerageViewController.m; sourceTree = "<group>"; };
		01D505BF1EEA5A3800C11982 /* RGStockDetailViewController.h */ = {isa = PBXFileReference; fileEncoding = 4; lastKnownFileType = sourcecode.c.h; name = RGStockDetailViewController.h; path = Core/RGStockDetailViewController.h; sourceTree = "<group>"; };
		01D505C01EEA5A3800C11982 /* RGStockDetailViewController.m */ = {isa = PBXFileReference; fileEncoding = 4; lastKnownFileType = sourcecode.c.objc; name = RGStockDetailViewController.m; path = Core/RGStockDetailViewController.m; sourceTree = "<group>"; };
		01D505C31EEA5A4B00C11982 /* RGStockSearchModel.h */ = {isa = PBXFileReference; fileEncoding = 4; lastKnownFileType = sourcecode.c.h; name = RGStockSearchModel.h; path = Data/RGStockSearchModel.h; sourceTree = "<group>"; };
		01D505C41EEA5A4B00C11982 /* RGStockSearchModel.m */ = {isa = PBXFileReference; fileEncoding = 4; lastKnownFileType = sourcecode.c.objc; name = RGStockSearchModel.m; path = Data/RGStockSearchModel.m; sourceTree = "<group>"; };
		01D505C61EEA5A6000C11982 /* RGBrokerageYahooFinanceDataParser.h */ = {isa = PBXFileReference; fileEncoding = 4; lastKnownFileType = sourcecode.c.h; name = RGBrokerageYahooFinanceDataParser.h; path = Data/RGBrokerageYahooFinanceDataParser.h; sourceTree = "<group>"; };
		01D505C71EEA5A6000C11982 /* RGBrokerageYahooFinanceDataParser.m */ = {isa = PBXFileReference; fileEncoding = 4; lastKnownFileType = sourcecode.c.objc; name = RGBrokerageYahooFinanceDataParser.m; path = Data/RGBrokerageYahooFinanceDataParser.m; sourceTree = "<group>"; };
		01D505C91EEA5A6F00C11982 /* RGBrokerageSearchBar.h */ = {isa = PBXFileReference; fileEncoding = 4; lastKnownFileType = sourcecode.c.h; name = RGBrokerageSearchBar.h; path = Views/RGBrokerageSearchBar.h; sourceTree = "<group>"; };
		01D505CA1EEA5A6F00C11982 /* RGBrokerageSearchBar.m */ = {isa = PBXFileReference; fileEncoding = 4; lastKnownFileType = sourcecode.c.objc; name = RGBrokerageSearchBar.m; path = Views/RGBrokerageSearchBar.m; sourceTree = "<group>"; };
		01D505CB1EEA5A6F00C11982 /* RGMainCollectionView.h */ = {isa = PBXFileReference; fileEncoding = 4; lastKnownFileType = sourcecode.c.h; name = RGMainCollectionView.h; path = Views/RGMainCollectionView.h; sourceTree = "<group>"; };
		01D505CC1EEA5A6F00C11982 /* RGMainCollectionView.m */ = {isa = PBXFileReference; fileEncoding = 4; lastKnownFileType = sourcecode.c.objc; name = RGMainCollectionView.m; path = Views/RGMainCollectionView.m; sourceTree = "<group>"; };
		01D505CD1EEA5A6F00C11982 /* RGStockDetailGraphView.h */ = {isa = PBXFileReference; fileEncoding = 4; lastKnownFileType = sourcecode.c.h; name = RGStockDetailGraphView.h; path = Views/RGStockDetailGraphView.h; sourceTree = "<group>"; };
		01D505CE1EEA5A6F00C11982 /* RGStockDetailGraphView.m */ = {isa = PBXFileReference; fileEncoding = 4; lastKnownFileType = sourcecode.c.objc; name = RGStockDetailGraphView.m; path = Views/RGStockDetailGraphView.m; sourceTree = "<group>"; };
		01D505CF1EEA5A6F00C11982 /* RGStockSearchResultCell.h */ = {isa = PBXFileReference; fileEncoding = 4; lastKnownFileType = sourcecode.c.h; name = RGStockSearchResultCell.h; path = Views/RGStockSearchResultCell.h; sourceTree = "<group>"; };
		01D505D01EEA5A6F00C11982 /* RGStockSearchResultCell.m */ = {isa = PBXFileReference; fileEncoding = 4; lastKnownFileType = sourcecode.c.objc; name = RGStockSearchResultCell.m; path = Views/RGStockSearchResultCell.m; sourceTree = "<group>"; };
		01D505D51EEA5AC300C11982 /* RGStockModel.h */ = {isa = PBXFileReference; fileEncoding = 4; lastKnownFileType = sourcecode.c.h; name = RGStockModel.h; path = Data/RGStockModel.h; sourceTree = "<group>"; };
		01D505D61EEA5AC300C11982 /* RGStockModel.m */ = {isa = PBXFileReference; fileEncoding = 4; lastKnownFileType = sourcecode.c.objc; name = RGStockModel.m; path = Data/RGStockModel.m; sourceTree = "<group>"; };
		01D505D81EEA617E00C11982 /* RGStockDetailModel.h */ = {isa = PBXFileReference; fileEncoding = 4; lastKnownFileType = sourcecode.c.h; name = RGStockDetailModel.h; path = Data/RGStockDetailModel.h; sourceTree = "<group>"; };
		01D505D91EEA617E00C11982 /* RGStockDetailModel.m */ = {isa = PBXFileReference; fileEncoding = 4; lastKnownFileType = sourcecode.c.objc; name = RGStockDetailModel.m; path = Data/RGStockDetailModel.m; sourceTree = "<group>"; };
		01F1E4431EB1B811000F1A94 /* RGURLDataFetcher.h */ = {isa = PBXFileReference; fileEncoding = 4; lastKnownFileType = sourcecode.c.h; name = RGURLDataFetcher.h; path = ../../URLUtils/RGURLDataFetcher.h; sourceTree = "<group>"; };
		01F1E4441EB1B811000F1A94 /* RGURLDataFetcher.m */ = {isa = PBXFileReference; fileEncoding = 4; lastKnownFileType = sourcecode.c.objc; name = RGURLDataFetcher.m; path = ../../URLUtils/RGURLDataFetcher.m; sourceTree = "<group>"; };
		01F1E4451EB1B811000F1A94 /* RGURLDataFetchOperation.h */ = {isa = PBXFileReference; fileEncoding = 4; lastKnownFileType = sourcecode.c.h; name = RGURLDataFetchOperation.h; path = ../../URLUtils/RGURLDataFetchOperation.h; sourceTree = "<group>"; };
		01F1E4461EB1B811000F1A94 /* RGURLDataFetchOperation.m */ = {isa = PBXFileReference; fileEncoding = 4; lastKnownFileType = sourcecode.c.objc; name = RGURLDataFetchOperation.m; path = ../../URLUtils/RGURLDataFetchOperation.m; sourceTree = "<group>"; };
		21168961BF2E91089934F7F9 /* Pods-RGBrokerage.release.xcconfig */ = {isa = PBXFileReference; includeInIndex = 1; lastKnownFileType = text.xcconfig; name = "Pods-RGBrokerage.release.xcconfig"; path = "Pods/Target Support Files/Pods-RGBrokerage/Pods-RGBrokerage.release.xcconfig"; sourceTree = "<group>"; };
		548D26369AF302F0FCF040E6 /* Pods_RGBrokerage.framework */ = {isa = PBXFileReference; explicitFileType = wrapper.framework; includeInIndex = 0; path = Pods_RGBrokerage.framework; sourceTree = BUILT_PRODUCTS_DIR; };
		D6B11A85FD687105235B4F0A /* Pods-RGBrokerage.debug.xcconfig */ = {isa = PBXFileReference; includeInIndex = 1; lastKnownFileType = text.xcconfig; name = "Pods-RGBrokerage.debug.xcconfig"; path = "Pods/Target Support Files/Pods-RGBrokerage/Pods-RGBrokerage.debug.xcconfig"; sourceTree = "<group>"; };
/* End PBXFileReference section */

/* Begin PBXFrameworksBuildPhase section */
		010C78421EA86D6300D4DF82 /* Frameworks */ = {
			isa = PBXFrameworksBuildPhase;
			buildActionMask = 2147483647;
			files = (
				4A850E160B140E69D86683D3 /* Pods_RGBrokerage.framework in Frameworks */,
			);
			runOnlyForDeploymentPostprocessing = 0;
		};
/* End PBXFrameworksBuildPhase section */

/* Begin PBXGroup section */
		010C783C1EA86D6200D4DF82 = {
			isa = PBXGroup;
			children = (
				010C78471EA86D6300D4DF82 /* RGBrokerage */,
				010C78461EA86D6300D4DF82 /* Products */,
				C3F642055DA7E62E0F5462A1 /* Pods */,
				91B2D7A9332198AB1773E395 /* Frameworks */,
			);
			sourceTree = "<group>";
		};
		010C78461EA86D6300D4DF82 /* Products */ = {
			isa = PBXGroup;
			children = (
				010C78451EA86D6300D4DF82 /* RGBrokerage.app */,
			);
			name = Products;
			sourceTree = "<group>";
		};
		010C78471EA86D6300D4DF82 /* RGBrokerage */ = {
			isa = PBXGroup;
			children = (
				01794A9C1EB8508F009090DE /* Model */,
				01F1E44A1EB1B824000F1A94 /* Core Controllers */,
				01F1E4491EB1B816000F1A94 /* Utils */,
				01F1E4421EB1A6F9000F1A94 /* Views */,
				010C78511EA86D6300D4DF82 /* Main.storyboard */,
				010C78541EA86D6300D4DF82 /* Assets.xcassets */,
				010C78561EA86D6300D4DF82 /* LaunchScreen.storyboard */,
				010C78591EA86D6300D4DF82 /* Info.plist */,
				010C78481EA86D6300D4DF82 /* Supporting Files */,
			);
			path = RGBrokerage;
			sourceTree = "<group>";
		};
		010C78481EA86D6300D4DF82 /* Supporting Files */ = {
			isa = PBXGroup;
			children = (
				010C78491EA86D6300D4DF82 /* main.m */,
			);
			name = "Supporting Files";
			sourceTree = "<group>";
		};
		01794A9C1EB8508F009090DE /* Model */ = {
			isa = PBXGroup;
			children = (
				01D505D81EEA617E00C11982 /* RGStockDetailModel.h */,
				01D505D91EEA617E00C11982 /* RGStockDetailModel.m */,
				01D505D51EEA5AC300C11982 /* RGStockModel.h */,
				01D505D61EEA5AC300C11982 /* RGStockModel.m */,
				01D505C31EEA5A4B00C11982 /* RGStockSearchModel.h */,
				01D505C41EEA5A4B00C11982 /* RGStockSearchModel.m */,
			);
			name = Model;
			sourceTree = "<group>";
		};
		01F1E4421EB1A6F9000F1A94 /* Views */ = {
			isa = PBXGroup;
			children = (
				01D505C91EEA5A6F00C11982 /* RGBrokerageSearchBar.h */,
				01D505CA1EEA5A6F00C11982 /* RGBrokerageSearchBar.m */,
				01D505CB1EEA5A6F00C11982 /* RGMainCollectionView.h */,
				01D505CC1EEA5A6F00C11982 /* RGMainCollectionView.m */,
				01D505CD1EEA5A6F00C11982 /* RGStockDetailGraphView.h */,
				01D505CE1EEA5A6F00C11982 /* RGStockDetailGraphView.m */,
				01D505CF1EEA5A6F00C11982 /* RGStockSearchResultCell.h */,
				01D505D01EEA5A6F00C11982 /* RGStockSearchResultCell.m */,
			);
			name = Views;
			sourceTree = "<group>";
		};
		01F1E4491EB1B816000F1A94 /* Utils */ = {
			isa = PBXGroup;
			children = (
				01D505C61EEA5A6000C11982 /* RGBrokerageYahooFinanceDataParser.h */,
				01D505C71EEA5A6000C11982 /* RGBrokerageYahooFinanceDataParser.m */,
				01794A961EB30623009090DE /* RGCustomNSOperation.h */,
				01794A971EB30623009090DE /* RGCustomNSOperation.m */,
				01F1E4431EB1B811000F1A94 /* RGURLDataFetcher.h */,
				01F1E4441EB1B811000F1A94 /* RGURLDataFetcher.m */,
				01F1E4451EB1B811000F1A94 /* RGURLDataFetchOperation.h */,
				01F1E4461EB1B811000F1A94 /* RGURLDataFetchOperation.m */,
			);
			name = Utils;
			sourceTree = "<group>";
		};
		01F1E44A1EB1B824000F1A94 /* Core Controllers */ = {
			isa = PBXGroup;
			children = (
				010C784B1EA86D6300D4DF82 /* AppDelegate.h */,
				010C784C1EA86D6300D4DF82 /* AppDelegate.m */,
				01D505BD1EEA5A3800C11982 /* RGBrokerageViewController.h */,
				01D505BE1EEA5A3800C11982 /* RGBrokerageViewController.m */,
				01D505BF1EEA5A3800C11982 /* RGStockDetailViewController.h */,
				01D505C01EEA5A3800C11982 /* RGStockDetailViewController.m */,
			);
			name = "Core Controllers";
			sourceTree = "<group>";
		};
		91B2D7A9332198AB1773E395 /* Frameworks */ = {
			isa = PBXGroup;
			children = (
				548D26369AF302F0FCF040E6 /* Pods_RGBrokerage.framework */,
			);
			name = Frameworks;
			sourceTree = "<group>";
		};
		C3F642055DA7E62E0F5462A1 /* Pods */ = {
			isa = PBXGroup;
			children = (
				D6B11A85FD687105235B4F0A /* Pods-RGBrokerage.debug.xcconfig */,
				21168961BF2E91089934F7F9 /* Pods-RGBrokerage.release.xcconfig */,
			);
			name = Pods;
			sourceTree = "<group>";
		};
/* End PBXGroup section */

/* Begin PBXNativeTarget section */
		010C78441EA86D6300D4DF82 /* RGBrokerage */ = {
			isa = PBXNativeTarget;
			buildConfigurationList = 010C785C1EA86D6300D4DF82 /* Build configuration list for PBXNativeTarget "RGBrokerage" */;
			buildPhases = (
				7F1E5DF5B2ECEB587382784A /* [CP] Check Pods Manifest.lock */,
				010C78411EA86D6300D4DF82 /* Sources */,
				010C78421EA86D6300D4DF82 /* Frameworks */,
				010C78431EA86D6300D4DF82 /* Resources */,
				70EF3D25A9EF0336A810A4F9 /* [CP] Embed Pods Frameworks */,
				6754C5964DE5B5B12550EBCD /* [CP] Copy Pods Resources */,
			);
			buildRules = (
			);
			dependencies = (
			);
			name = RGBrokerage;
			productName = RGBrokerage;
			productReference = 010C78451EA86D6300D4DF82 /* RGBrokerage.app */;
			productType = "com.apple.product-type.application";
		};
/* End PBXNativeTarget section */

/* Begin PBXProject section */
		010C783D1EA86D6200D4DF82 /* Project object */ = {
			isa = PBXProject;
			attributes = {
				LastUpgradeCheck = 0830;
				ORGANIZATIONNAME = "Roshan Goli";
				TargetAttributes = {
					010C78441EA86D6300D4DF82 = {
						CreatedOnToolsVersion = 8.3;
						DevelopmentTeam = Y3QN5VQT38;
						ProvisioningStyle = Automatic;
					};
				};
			};
			buildConfigurationList = 010C78401EA86D6200D4DF82 /* Build configuration list for PBXProject "RGBrokerage" */;
			compatibilityVersion = "Xcode 3.2";
			developmentRegion = English;
			hasScannedForEncodings = 0;
			knownRegions = (
				en,
				Base,
			);
			mainGroup = 010C783C1EA86D6200D4DF82;
			productRefGroup = 010C78461EA86D6300D4DF82 /* Products */;
			projectDirPath = "";
			projectRoot = "";
			targets = (
				010C78441EA86D6300D4DF82 /* RGBrokerage */,
			);
		};
/* End PBXProject section */

/* Begin PBXResourcesBuildPhase section */
		010C78431EA86D6300D4DF82 /* Resources */ = {
			isa = PBXResourcesBuildPhase;
			buildActionMask = 2147483647;
			files = (
				010C78581EA86D6300D4DF82 /* LaunchScreen.storyboard in Resources */,
				010C78551EA86D6300D4DF82 /* Assets.xcassets in Resources */,
				010C78531EA86D6300D4DF82 /* Main.storyboard in Resources */,
			);
			runOnlyForDeploymentPostprocessing = 0;
		};
/* End PBXResourcesBuildPhase section */

/* Begin PBXShellScriptBuildPhase section */
		6754C5964DE5B5B12550EBCD /* [CP] Copy Pods Resources */ = {
			isa = PBXShellScriptBuildPhase;
			buildActionMask = 2147483647;
			files = (
			);
			inputPaths = (
			);
			name = "[CP] Copy Pods Resources";
			outputPaths = (
			);
			runOnlyForDeploymentPostprocessing = 0;
			shellPath = /bin/sh;
			shellScript = "\"${SRCROOT}/Pods/Target Support Files/Pods-RGBrokerage/Pods-RGBrokerage-resources.sh\"\n";
			showEnvVarsInLog = 0;
		};
		70EF3D25A9EF0336A810A4F9 /* [CP] Embed Pods Frameworks */ = {
			isa = PBXShellScriptBuildPhase;
			buildActionMask = 2147483647;
			files = (
			);
			inputPaths = (
			);
			name = "[CP] Embed Pods Frameworks";
			outputPaths = (
			);
			runOnlyForDeploymentPostprocessing = 0;
			shellPath = /bin/sh;
			shellScript = "\"${SRCROOT}/Pods/Target Support Files/Pods-RGBrokerage/Pods-RGBrokerage-frameworks.sh\"\n";
			showEnvVarsInLog = 0;
		};
		7F1E5DF5B2ECEB587382784A /* [CP] Check Pods Manifest.lock */ = {
			isa = PBXShellScriptBuildPhase;
			buildActionMask = 2147483647;
			files = (
			);
			inputPaths = (
			);
			name = "[CP] Check Pods Manifest.lock";
			outputPaths = (
			);
			runOnlyForDeploymentPostprocessing = 0;
			shellPath = /bin/sh;
			shellScript = "diff \"${PODS_PODFILE_DIR_PATH}/Podfile.lock\" \"${PODS_ROOT}/Manifest.lock\" > /dev/null\nif [ $? != 0 ] ; then\n    # print error to STDERR\n    echo \"error: The sandbox is not in sync with the Podfile.lock. Run 'pod install' or update your CocoaPods installation.\" >&2\n    exit 1\nfi\n";
			showEnvVarsInLog = 0;
		};
/* End PBXShellScriptBuildPhase section */

/* Begin PBXSourcesBuildPhase section */
		010C78411EA86D6300D4DF82 /* Sources */ = {
			isa = PBXSourcesBuildPhase;
			buildActionMask = 2147483647;
			files = (
				01D505D31EEA5A6F00C11982 /* RGStockDetailGraphView.m in Sources */,
				01F1E4471EB1B811000F1A94 /* RGURLDataFetcher.m in Sources */,
				01D505C81EEA5A6000C11982 /* RGBrokerageYahooFinanceDataParser.m in Sources */,
				01D505D41EEA5A6F00C11982 /* RGStockSearchResultCell.m in Sources */,
				01D505C11EEA5A3800C11982 /* RGBrokerageViewController.m in Sources */,
				010C784D1EA86D6300D4DF82 /* AppDelegate.m in Sources */,
				01D505D21EEA5A6F00C11982 /* RGMainCollectionView.m in Sources */,
				010C784A1EA86D6300D4DF82 /* main.m in Sources */,
				01D505DA1EEA617E00C11982 /* RGStockDetailModel.m in Sources */,
				01D505C21EEA5A3800C11982 /* RGStockDetailViewController.m in Sources */,
				01794A981EB30623009090DE /* RGCustomNSOperation.m in Sources */,
				01F1E4481EB1B811000F1A94 /* RGURLDataFetchOperation.m in Sources */,
				01D505C51EEA5A4B00C11982 /* RGStockSearchModel.m in Sources */,
				01D505D11EEA5A6F00C11982 /* RGBrokerageSearchBar.m in Sources */,
				01D505D71EEA5AC300C11982 /* RGStockModel.m in Sources */,
			);
			runOnlyForDeploymentPostprocessing = 0;
		};
/* End PBXSourcesBuildPhase section */

/* Begin PBXVariantGroup section */
		010C78511EA86D6300D4DF82 /* Main.storyboard */ = {
			isa = PBXVariantGroup;
			children = (
				010C78521EA86D6300D4DF82 /* Base */,
			);
			name = Main.storyboard;
			sourceTree = "<group>";
		};
		010C78561EA86D6300D4DF82 /* LaunchScreen.storyboard */ = {
			isa = PBXVariantGroup;
			children = (
				010C78571EA86D6300D4DF82 /* Base */,
			);
			name = LaunchScreen.storyboard;
			sourceTree = "<group>";
		};
/* End PBXVariantGroup section */

/* Begin XCBuildConfiguration section */
		010C785A1EA86D6300D4DF82 /* Debug */ = {
			isa = XCBuildConfiguration;
			buildSettings = {
				ALWAYS_SEARCH_USER_PATHS = NO;
				CLANG_ANALYZER_NONNULL = YES;
				CLANG_ANALYZER_NUMBER_OBJECT_CONVERSION = YES_AGGRESSIVE;
				CLANG_CXX_LANGUAGE_STANDARD = "gnu++0x";
				CLANG_CXX_LIBRARY = "libc++";
				CLANG_ENABLE_MODULES = YES;
				CLANG_ENABLE_OBJC_ARC = YES;
				CLANG_WARN_BOOL_CONVERSION = YES;
				CLANG_WARN_CONSTANT_CONVERSION = YES;
				CLANG_WARN_DIRECT_OBJC_ISA_USAGE = YES_ERROR;
				CLANG_WARN_DOCUMENTATION_COMMENTS = YES;
				CLANG_WARN_EMPTY_BODY = YES;
				CLANG_WARN_ENUM_CONVERSION = YES;
				CLANG_WARN_INFINITE_RECURSION = YES;
				CLANG_WARN_INT_CONVERSION = YES;
				CLANG_WARN_OBJC_ROOT_CLASS = YES_ERROR;
				CLANG_WARN_SUSPICIOUS_MOVE = YES;
				CLANG_WARN_UNREACHABLE_CODE = YES;
				CLANG_WARN__DUPLICATE_METHOD_MATCH = YES;
				"CODE_SIGN_IDENTITY[sdk=iphoneos*]" = "iPhone Developer";
				COPY_PHASE_STRIP = NO;
				DEBUG_INFORMATION_FORMAT = dwarf;
				ENABLE_STRICT_OBJC_MSGSEND = YES;
				ENABLE_TESTABILITY = YES;
				GCC_C_LANGUAGE_STANDARD = gnu99;
				GCC_DYNAMIC_NO_PIC = NO;
				GCC_NO_COMMON_BLOCKS = YES;
				GCC_OPTIMIZATION_LEVEL = 0;
				GCC_PREPROCESSOR_DEFINITIONS = (
					"DEBUG=1",
					"$(inherited)",
				);
				GCC_WARN_64_TO_32_BIT_CONVERSION = YES;
				GCC_WARN_ABOUT_RETURN_TYPE = YES_ERROR;
				GCC_WARN_UNDECLARED_SELECTOR = YES;
				GCC_WARN_UNINITIALIZED_AUTOS = YES_AGGRESSIVE;
				GCC_WARN_UNUSED_FUNCTION = YES;
				GCC_WARN_UNUSED_VARIABLE = YES;
				IPHONEOS_DEPLOYMENT_TARGET = 10.3;
				MTL_ENABLE_DEBUG_INFO = YES;
				ONLY_ACTIVE_ARCH = YES;
				SDKROOT = iphoneos;
			};
			name = Debug;
		};
		010C785B1EA86D6300D4DF82 /* Release */ = {
			isa = XCBuildConfiguration;
			buildSettings = {
				ALWAYS_SEARCH_USER_PATHS = NO;
				CLANG_ANALYZER_NONNULL = YES;
				CLANG_ANALYZER_NUMBER_OBJECT_CONVERSION = YES_AGGRESSIVE;
				CLANG_CXX_LANGUAGE_STANDARD = "gnu++0x";
				CLANG_CXX_LIBRARY = "libc++";
				CLANG_ENABLE_MODULES = YES;
				CLANG_ENABLE_OBJC_ARC = YES;
				CLANG_WARN_BOOL_CONVERSION = YES;
				CLANG_WARN_CONSTANT_CONVERSION = YES;
				CLANG_WARN_DIRECT_OBJC_ISA_USAGE = YES_ERROR;
				CLANG_WARN_DOCUMENTATION_COMMENTS = YES;
				CLANG_WARN_EMPTY_BODY = YES;
				CLANG_WARN_ENUM_CONVERSION = YES;
				CLANG_WARN_INFINITE_RECURSION = YES;
				CLANG_WARN_INT_CONVERSION = YES;
				CLANG_WARN_OBJC_ROOT_CLASS = YES_ERROR;
				CLANG_WARN_SUSPICIOUS_MOVE = YES;
				CLANG_WARN_UNREACHABLE_CODE = YES;
				CLANG_WARN__DUPLICATE_METHOD_MATCH = YES;
				"CODE_SIGN_IDENTITY[sdk=iphoneos*]" = "iPhone Developer";
				COPY_PHASE_STRIP = NO;
				DEBUG_INFORMATION_FORMAT = "dwarf-with-dsym";
				ENABLE_NS_ASSERTIONS = NO;
				ENABLE_STRICT_OBJC_MSGSEND = YES;
				GCC_C_LANGUAGE_STANDARD = gnu99;
				GCC_NO_COMMON_BLOCKS = YES;
				GCC_WARN_64_TO_32_BIT_CONVERSION = YES;
				GCC_WARN_ABOUT_RETURN_TYPE = YES_ERROR;
				GCC_WARN_UNDECLARED_SELECTOR = YES;
				GCC_WARN_UNINITIALIZED_AUTOS = YES_AGGRESSIVE;
				GCC_WARN_UNUSED_FUNCTION = YES;
				GCC_WARN_UNUSED_VARIABLE = YES;
				IPHONEOS_DEPLOYMENT_TARGET = 10.3;
				MTL_ENABLE_DEBUG_INFO = NO;
				SDKROOT = iphoneos;
				VALIDATE_PRODUCT = YES;
			};
			name = Release;
		};
		010C785D1EA86D6300D4DF82 /* Debug */ = {
			isa = XCBuildConfiguration;
			baseConfigurationReference = D6B11A85FD687105235B4F0A /* Pods-RGBrokerage.debug.xcconfig */;
			buildSettings = {
				ASSETCATALOG_COMPILER_APPICON_NAME = AppIcon;
				DEVELOPMENT_TEAM = Y3QN5VQT38;
				INFOPLIST_FILE = RGBrokerage/Info.plist;
				LD_RUNPATH_SEARCH_PATHS = "$(inherited) @executable_path/Frameworks";
				PRODUCT_BUNDLE_IDENTIFIER = com.roshan.RGBrokerage;
				PRODUCT_NAME = "$(TARGET_NAME)";
			};
			name = Debug;
		};
		010C785E1EA86D6300D4DF82 /* Release */ = {
			isa = XCBuildConfiguration;
			baseConfigurationReference = 21168961BF2E91089934F7F9 /* Pods-RGBrokerage.release.xcconfig */;
			buildSettings = {
				ASSETCATALOG_COMPILER_APPICON_NAME = AppIcon;
				DEVELOPMENT_TEAM = Y3QN5VQT38;
				INFOPLIST_FILE = RGBrokerage/Info.plist;
				LD_RUNPATH_SEARCH_PATHS = "$(inherited) @executable_path/Frameworks";
				PRODUCT_BUNDLE_IDENTIFIER = com.roshan.RGBrokerage;
				PRODUCT_NAME = "$(TARGET_NAME)";
			};
			name = Release;
		};
/* End XCBuildConfiguration section */

/* Begin XCConfigurationList section */
		010C78401EA86D6200D4DF82 /* Build configuration list for PBXProject "RGBrokerage" */ = {
			isa = XCConfigurationList;
			buildConfigurations = (
				010C785A1EA86D6300D4DF82 /* Debug */,
				010C785B1EA86D6300D4DF82 /* Release */,
			);
			defaultConfigurationIsVisible = 0;
			defaultConfigurationName = Release;
		};
		010C785C1EA86D6300D4DF82 /* Build configuration list for PBXNativeTarget "RGBrokerage" */ = {
			isa = XCConfigurationList;
			buildConfigurations = (
				010C785D1EA86D6300D4DF82 /* Debug */,
				010C785E1EA86D6300D4DF82 /* Release */,
			);
			defaultConfigurationIsVisible = 0;
			defaultConfigurationName = Release;
		};
/* End XCConfigurationList section */
	};
	rootObject = 010C783D1EA86D6200D4DF82 /* Project object */;
}
