// !$*UTF8*$!
{
	archiveVersion = 1;
	classes = {
	};
	objectVersion = 46;
	objects = {

/* Begin PBXBuildFile section */
		010C784A1EA86D6300D4DF82 /* main.m in Sources */ = {isa = PBXBuildFile; fileRef = 010C78491EA86D6300D4DF82 /* main.m */; };
		010C784D1EA86D6300D4DF82 /* AppDelegate.m in Sources */ = {isa = PBXBuildFile; fileRef = 010C784C1EA86D6300D4DF82 /* AppDelegate.m */; };
		010C78501EA86D6300D4DF82 /* RGBrokerageViewController.m in Sources */ = {isa = PBXBuildFile; fileRef = 010C784F1EA86D6300D4DF82 /* RGBrokerageViewController.m */; };
		010C78531EA86D6300D4DF82 /* Main.storyboard in Resources */ = {isa = PBXBuildFile; fileRef = 010C78511EA86D6300D4DF82 /* Main.storyboard */; };
		010C78551EA86D6300D4DF82 /* Assets.xcassets in Resources */ = {isa = PBXBuildFile; fileRef = 010C78541EA86D6300D4DF82 /* Assets.xcassets */; };
		010C78581EA86D6300D4DF82 /* LaunchScreen.storyboard in Resources */ = {isa = PBXBuildFile; fileRef = 010C78561EA86D6300D4DF82 /* LaunchScreen.storyboard */; };
		010C78611EA86DEB00D4DF82 /* RGMainCollectionView.m in Sources */ = {isa = PBXBuildFile; fileRef = 010C78601EA86DEB00D4DF82 /* RGMainCollectionView.m */; };
		0138F3F31EDFDA050090540B /* RGStockSearchResultCell.m in Sources */ = {isa = PBXBuildFile; fileRef = 0138F3F21EDFDA050090540B /* RGStockSearchResultCell.m */; };
		01794A981EB30623009090DE /* RGCustomNSOperation.m in Sources */ = {isa = PBXBuildFile; fileRef = 01794A971EB30623009090DE /* RGCustomNSOperation.m */; };
		01794A9B1EB30715009090DE /* RGBrokerageYahooFinanceDataParser.m in Sources */ = {isa = PBXBuildFile; fileRef = 01794A9A1EB30715009090DE /* RGBrokerageYahooFinanceDataParser.m */; };
		01794A9F1EB850AD009090DE /* RGStockSearchModel.m in Sources */ = {isa = PBXBuildFile; fileRef = 01794A9E1EB850AD009090DE /* RGStockSearchModel.m */; };
		01D505B91EE7C0B100C11982 /* RGStockDetailViewController.m in Sources */ = {isa = PBXBuildFile; fileRef = 01D505B81EE7C0B100C11982 /* RGStockDetailViewController.m */; };
		01D505BC1EEA53B500C11982 /* RGStockDetailGraphView.m in Sources */ = {isa = PBXBuildFile; fileRef = 01D505BB1EEA53B500C11982 /* RGStockDetailGraphView.m */; };
		01F1E4411EB1A6F3000F1A94 /* RGBrokerageSearchBar.m in Sources */ = {isa = PBXBuildFile; fileRef = 01F1E4401EB1A6F3000F1A94 /* RGBrokerageSearchBar.m */; };
		01F1E4471EB1B811000F1A94 /* RGURLDataFetcher.m in Sources */ = {isa = PBXBuildFile; fileRef = 01F1E4441EB1B811000F1A94 /* RGURLDataFetcher.m */; };
		01F1E4481EB1B811000F1A94 /* RGURLDataFetchOperation.m in Sources */ = {isa = PBXBuildFile; fileRef = 01F1E4461EB1B811000F1A94 /* RGURLDataFetchOperation.m */; };
/* End PBXBuildFile section */

/* Begin PBXFileReference section */
		010C78451EA86D6300D4DF82 /* RGBrokerage.app */ = {isa = PBXFileReference; explicitFileType = wrapper.application; includeInIndex = 0; path = RGBrokerage.app; sourceTree = BUILT_PRODUCTS_DIR; };
		010C78491EA86D6300D4DF82 /* main.m */ = {isa = PBXFileReference; lastKnownFileType = sourcecode.c.objc; path = main.m; sourceTree = "<group>"; };
		010C784B1EA86D6300D4DF82 /* AppDelegate.h */ = {isa = PBXFileReference; lastKnownFileType = sourcecode.c.h; path = AppDelegate.h; sourceTree = "<group>"; };
		010C784C1EA86D6300D4DF82 /* AppDelegate.m */ = {isa = PBXFileReference; lastKnownFileType = sourcecode.c.objc; path = AppDelegate.m; sourceTree = "<group>"; };
		010C784E1EA86D6300D4DF82 /* RGBrokerageViewController.h */ = {isa = PBXFileReference; lastKnownFileType = sourcecode.c.h; path = RGBrokerageViewController.h; sourceTree = "<group>"; };
		010C784F1EA86D6300D4DF82 /* RGBrokerageViewController.m */ = {isa = PBXFileReference; lastKnownFileType = sourcecode.c.objc; path = RGBrokerageViewController.m; sourceTree = "<group>"; };
		010C78521EA86D6300D4DF82 /* Base */ = {isa = PBXFileReference; lastKnownFileType = file.storyboard; name = Base; path = Base.lproj/Main.storyboard; sourceTree = "<group>"; };
		010C78541EA86D6300D4DF82 /* Assets.xcassets */ = {isa = PBXFileReference; lastKnownFileType = folder.assetcatalog; path = Assets.xcassets; sourceTree = "<group>"; };
		010C78571EA86D6300D4DF82 /* Base */ = {isa = PBXFileReference; lastKnownFileType = file.storyboard; name = Base; path = Base.lproj/LaunchScreen.storyboard; sourceTree = "<group>"; };
		010C78591EA86D6300D4DF82 /* Info.plist */ = {isa = PBXFileReference; lastKnownFileType = text.plist.xml; path = Info.plist; sourceTree = "<group>"; };
		010C785F1EA86DEB00D4DF82 /* RGMainCollectionView.h */ = {isa = PBXFileReference; fileEncoding = 4; lastKnownFileType = sourcecode.c.h; path = RGMainCollectionView.h; sourceTree = "<group>"; };
		010C78601EA86DEB00D4DF82 /* RGMainCollectionView.m */ = {isa = PBXFileReference; fileEncoding = 4; lastKnownFileType = sourcecode.c.objc; path = RGMainCollectionView.m; sourceTree = "<group>"; };
		0138F3F11EDFDA050090540B /* RGStockSearchResultCell.h */ = {isa = PBXFileReference; fileEncoding = 4; lastKnownFileType = sourcecode.c.h; path = RGStockSearchResultCell.h; sourceTree = "<group>"; };
		0138F3F21EDFDA050090540B /* RGStockSearchResultCell.m */ = {isa = PBXFileReference; fileEncoding = 4; lastKnownFileType = sourcecode.c.objc; path = RGStockSearchResultCell.m; sourceTree = "<group>"; };
		01794A961EB30623009090DE /* RGCustomNSOperation.h */ = {isa = PBXFileReference; fileEncoding = 4; lastKnownFileType = sourcecode.c.h; name = RGCustomNSOperation.h; path = ../../RGCustomNSOperation.h; sourceTree = "<group>"; };
		01794A971EB30623009090DE /* RGCustomNSOperation.m */ = {isa = PBXFileReference; fileEncoding = 4; lastKnownFileType = sourcecode.c.objc; name = RGCustomNSOperation.m; path = ../../RGCustomNSOperation.m; sourceTree = "<group>"; };
		01794A991EB30715009090DE /* RGBrokerageYahooFinanceDataParser.h */ = {isa = PBXFileReference; fileEncoding = 4; lastKnownFileType = sourcecode.c.h; path = RGBrokerageYahooFinanceDataParser.h; sourceTree = "<group>"; };
		01794A9A1EB30715009090DE /* RGBrokerageYahooFinanceDataParser.m */ = {isa = PBXFileReference; fileEncoding = 4; lastKnownFileType = sourcecode.c.objc; path = RGBrokerageYahooFinanceDataParser.m; sourceTree = "<group>"; };
		01794A9D1EB850AD009090DE /* RGStockSearchModel.h */ = {isa = PBXFileReference; fileEncoding = 4; lastKnownFileType = sourcecode.c.h; path = RGStockSearchModel.h; sourceTree = "<group>"; };
		01794A9E1EB850AD009090DE /* RGStockSearchModel.m */ = {isa = PBXFileReference; fileEncoding = 4; lastKnownFileType = sourcecode.c.objc; path = RGStockSearchModel.m; sourceTree = "<group>"; };
		01D505B71EE7C0B100C11982 /* RGStockDetailViewController.h */ = {isa = PBXFileReference; fileEncoding = 4; lastKnownFileType = sourcecode.c.h; path = RGStockDetailViewController.h; sourceTree = "<group>"; };
		01D505B81EE7C0B100C11982 /* RGStockDetailViewController.m */ = {isa = PBXFileReference; fileEncoding = 4; lastKnownFileType = sourcecode.c.objc; path = RGStockDetailViewController.m; sourceTree = "<group>"; };
		01D505BA1EEA53B500C11982 /* RGStockDetailGraphView.h */ = {isa = PBXFileReference; fileEncoding = 4; lastKnownFileType = sourcecode.c.h; path = RGStockDetailGraphView.h; sourceTree = "<group>"; };
		01D505BB1EEA53B500C11982 /* RGStockDetailGraphView.m */ = {isa = PBXFileReference; fileEncoding = 4; lastKnownFileType = sourcecode.c.objc; path = RGStockDetailGraphView.m; sourceTree = "<group>"; };
		01F1E43F1EB1A6F3000F1A94 /* RGBrokerageSearchBar.h */ = {isa = PBXFileReference; fileEncoding = 4; lastKnownFileType = sourcecode.c.h; path = RGBrokerageSearchBar.h; sourceTree = "<group>"; };
		01F1E4401EB1A6F3000F1A94 /* RGBrokerageSearchBar.m */ = {isa = PBXFileReference; fileEncoding = 4; lastKnownFileType = sourcecode.c.objc; path = RGBrokerageSearchBar.m; sourceTree = "<group>"; };
		01F1E4431EB1B811000F1A94 /* RGURLDataFetcher.h */ = {isa = PBXFileReference; fileEncoding = 4; lastKnownFileType = sourcecode.c.h; name = RGURLDataFetcher.h; path = ../../URLUtils/RGURLDataFetcher.h; sourceTree = "<group>"; };
		01F1E4441EB1B811000F1A94 /* RGURLDataFetcher.m */ = {isa = PBXFileReference; fileEncoding = 4; lastKnownFileType = sourcecode.c.objc; name = RGURLDataFetcher.m; path = ../../URLUtils/RGURLDataFetcher.m; sourceTree = "<group>"; };
		01F1E4451EB1B811000F1A94 /* RGURLDataFetchOperation.h */ = {isa = PBXFileReference; fileEncoding = 4; lastKnownFileType = sourcecode.c.h; name = RGURLDataFetchOperation.h; path = ../../URLUtils/RGURLDataFetchOperation.h; sourceTree = "<group>"; };
		01F1E4461EB1B811000F1A94 /* RGURLDataFetchOperation.m */ = {isa = PBXFileReference; fileEncoding = 4; lastKnownFileType = sourcecode.c.objc; name = RGURLDataFetchOperation.m; path = ../../URLUtils/RGURLDataFetchOperation.m; sourceTree = "<group>"; };
/* End PBXFileReference section */

/* Begin PBXFrameworksBuildPhase section */
		010C78421EA86D6300D4DF82 /* Frameworks */ = {
			isa = PBXFrameworksBuildPhase;
			buildActionMask = 2147483647;
			files = (
			);
			runOnlyForDeploymentPostprocessing = 0;
		};
/* End PBXFrameworksBuildPhase section */

/* Begin PBXGroup section */
		010C783C1EA86D6200D4DF82 = {
			isa = PBXGroup;
			children = (
				010C78471EA86D6300D4DF82 /* RGBrokerage */,
				010C78461EA86D6300D4DF82 /* Products */,
			);
			sourceTree = "<group>";
		};
		010C78461EA86D6300D4DF82 /* Products */ = {
			isa = PBXGroup;
			children = (
				010C78451EA86D6300D4DF82 /* RGBrokerage.app */,
			);
			name = Products;
			sourceTree = "<group>";
		};
		010C78471EA86D6300D4DF82 /* RGBrokerage */ = {
			isa = PBXGroup;
			children = (
				01794A9C1EB8508F009090DE /* Model */,
				01F1E44A1EB1B824000F1A94 /* Core Controllers */,
				01F1E4491EB1B816000F1A94 /* Utils */,
				01F1E4421EB1A6F9000F1A94 /* Views */,
				010C78511EA86D6300D4DF82 /* Main.storyboard */,
				010C78541EA86D6300D4DF82 /* Assets.xcassets */,
				010C78561EA86D6300D4DF82 /* LaunchScreen.storyboard */,
				010C78591EA86D6300D4DF82 /* Info.plist */,
				010C78481EA86D6300D4DF82 /* Supporting Files */,
			);
			path = RGBrokerage;
			sourceTree = "<group>";
		};
		010C78481EA86D6300D4DF82 /* Supporting Files */ = {
			isa = PBXGroup;
			children = (
				010C78491EA86D6300D4DF82 /* main.m */,
			);
			name = "Supporting Files";
			sourceTree = "<group>";
		};
		01794A9C1EB8508F009090DE /* Model */ = {
			isa = PBXGroup;
			children = (
				01794A9D1EB850AD009090DE /* RGStockSearchModel.h */,
				01794A9E1EB850AD009090DE /* RGStockSearchModel.m */,
			);
			name = Model;
			sourceTree = "<group>";
		};
		01F1E4421EB1A6F9000F1A94 /* Views */ = {
			isa = PBXGroup;
			children = (
				0138F3F11EDFDA050090540B /* RGStockSearchResultCell.h */,
				0138F3F21EDFDA050090540B /* RGStockSearchResultCell.m */,
				01F1E43F1EB1A6F3000F1A94 /* RGBrokerageSearchBar.h */,
				01F1E4401EB1A6F3000F1A94 /* RGBrokerageSearchBar.m */,
				010C785F1EA86DEB00D4DF82 /* RGMainCollectionView.h */,
				010C78601EA86DEB00D4DF82 /* RGMainCollectionView.m */,
				01D505BA1EEA53B500C11982 /* RGStockDetailGraphView.h */,
				01D505BB1EEA53B500C11982 /* RGStockDetailGraphView.m */,
			);
			name = Views;
			sourceTree = "<group>";
		};
		01F1E4491EB1B816000F1A94 /* Utils */ = {
			isa = PBXGroup;
			children = (
				01794A961EB30623009090DE /* RGCustomNSOperation.h */,
				01794A971EB30623009090DE /* RGCustomNSOperation.m */,
				01F1E4431EB1B811000F1A94 /* RGURLDataFetcher.h */,
				01F1E4441EB1B811000F1A94 /* RGURLDataFetcher.m */,
				01794A991EB30715009090DE /* RGBrokerageYahooFinanceDataParser.h */,
				01794A9A1EB30715009090DE /* RGBrokerageYahooFinanceDataParser.m */,
				01F1E4451EB1B811000F1A94 /* RGURLDataFetchOperation.h */,
				01F1E4461EB1B811000F1A94 /* RGURLDataFetchOperation.m */,
			);
			name = Utils;
			sourceTree = "<group>";
		};
		01F1E44A1EB1B824000F1A94 /* Core Controllers */ = {
			isa = PBXGroup;
			children = (
				010C784B1EA86D6300D4DF82 /* AppDelegate.h */,
				010C784C1EA86D6300D4DF82 /* AppDelegate.m */,
				010C784E1EA86D6300D4DF82 /* RGBrokerageViewController.h */,
				010C784F1EA86D6300D4DF82 /* RGBrokerageViewController.m */,
				01D505B71EE7C0B100C11982 /* RGStockDetailViewController.h */,
				01D505B81EE7C0B100C11982 /* RGStockDetailViewController.m */,
			);
			name = "Core Controllers";
			sourceTree = "<group>";
		};
/* End PBXGroup section */

/* Begin PBXNativeTarget section */
		010C78441EA86D6300D4DF82 /* RGBrokerage */ = {
			isa = PBXNativeTarget;
			buildConfigurationList = 010C785C1EA86D6300D4DF82 /* Build configuration list for PBXNativeTarget "RGBrokerage" */;
			buildPhases = (
				010C78411EA86D6300D4DF82 /* Sources */,
				010C78421EA86D6300D4DF82 /* Frameworks */,
				010C78431EA86D6300D4DF82 /* Resources */,
			);
			buildRules = (
			);
			dependencies = (
			);
			name = RGBrokerage;
			productName = RGBrokerage;
			productReference = 010C78451EA86D6300D4DF82 /* RGBrokerage.app */;
			productType = "com.apple.product-type.application";
		};
/* End PBXNativeTarget section */

/* Begin PBXProject section */
		010C783D1EA86D6200D4DF82 /* Project object */ = {
			isa = PBXProject;
			attributes = {
				LastUpgradeCheck = 0830;
				ORGANIZATIONNAME = "Roshan Goli";
				TargetAttributes = {
					010C78441EA86D6300D4DF82 = {
						CreatedOnToolsVersion = 8.3;
						DevelopmentTeam = Y3QN5VQT38;
						ProvisioningStyle = Automatic;
					};
				};
			};
			buildConfigurationList = 010C78401EA86D6200D4DF82 /* Build configuration list for PBXProject "RGBrokerage" */;
			compatibilityVersion = "Xcode 3.2";
			developmentRegion = English;
			hasScannedForEncodings = 0;
			knownRegions = (
				en,
				Base,
			);
			mainGroup = 010C783C1EA86D6200D4DF82;
			productRefGroup = 010C78461EA86D6300D4DF82 /* Products */;
			projectDirPath = "";
			projectRoot = "";
			targets = (
				010C78441EA86D6300D4DF82 /* RGBrokerage */,
			);
		};
/* End PBXProject section */

/* Begin PBXResourcesBuildPhase section */
		010C78431EA86D6300D4DF82 /* Resources */ = {
			isa = PBXResourcesBuildPhase;
			buildActionMask = 2147483647;
			files = (
				010C78581EA86D6300D4DF82 /* LaunchScreen.storyboard in Resources */,
				010C78551EA86D6300D4DF82 /* Assets.xcassets in Resources */,
				010C78531EA86D6300D4DF82 /* Main.storyboard in Resources */,
			);
			runOnlyForDeploymentPostprocessing = 0;
		};
/* End PBXResourcesBuildPhase section */

/* Begin PBXSourcesBuildPhase section */
		010C78411EA86D6300D4DF82 /* Sources */ = {
			isa = PBXSourcesBuildPhase;
			buildActionMask = 2147483647;
			files = (
				0138F3F31EDFDA050090540B /* RGStockSearchResultCell.m in Sources */,
				01D505BC1EEA53B500C11982 /* RGStockDetailGraphView.m in Sources */,
				01F1E4471EB1B811000F1A94 /* RGURLDataFetcher.m in Sources */,
				01794A9B1EB30715009090DE /* RGBrokerageYahooFinanceDataParser.m in Sources */,
				01D505B91EE7C0B100C11982 /* RGStockDetailViewController.m in Sources */,
				010C78501EA86D6300D4DF82 /* RGBrokerageViewController.m in Sources */,
				010C784D1EA86D6300D4DF82 /* AppDelegate.m in Sources */,
				010C78611EA86DEB00D4DF82 /* RGMainCollectionView.m in Sources */,
				010C784A1EA86D6300D4DF82 /* main.m in Sources */,
				01F1E4411EB1A6F3000F1A94 /* RGBrokerageSearchBar.m in Sources */,
				01794A9F1EB850AD009090DE /* RGStockSearchModel.m in Sources */,
				01794A981EB30623009090DE /* RGCustomNSOperation.m in Sources */,
				01F1E4481EB1B811000F1A94 /* RGURLDataFetchOperation.m in Sources */,
			);
			runOnlyForDeploymentPostprocessing = 0;
		};
/* End PBXSourcesBuildPhase section */

/* Begin PBXVariantGroup section */
		010C78511EA86D6300D4DF82 /* Main.storyboard */ = {
			isa = PBXVariantGroup;
			children = (
				010C78521EA86D6300D4DF82 /* Base */,
			);
			name = Main.storyboard;
			sourceTree = "<group>";
		};
		010C78561EA86D6300D4DF82 /* LaunchScreen.storyboard */ = {
			isa = PBXVariantGroup;
			children = (
				010C78571EA86D6300D4DF82 /* Base */,
			);
			name = LaunchScreen.storyboard;
			sourceTree = "<group>";
		};
/* End PBXVariantGroup section */

/* Begin XCBuildConfiguration section */
		010C785A1EA86D6300D4DF82 /* Debug */ = {
			isa = XCBuildConfiguration;
			buildSettings = {
				ALWAYS_SEARCH_USER_PATHS = NO;
				CLANG_ANALYZER_NONNULL = YES;
				CLANG_ANALYZER_NUMBER_OBJECT_CONVERSION = YES_AGGRESSIVE;
				CLANG_CXX_LANGUAGE_STANDARD = "gnu++0x";
				CLANG_CXX_LIBRARY = "libc++";
				CLANG_ENABLE_MODULES = YES;
				CLANG_ENABLE_OBJC_ARC = YES;
				CLANG_WARN_BOOL_CONVERSION = YES;
				CLANG_WARN_CONSTANT_CONVERSION = YES;
				CLANG_WARN_DIRECT_OBJC_ISA_USAGE = YES_ERROR;
				CLANG_WARN_DOCUMENTATION_COMMENTS = YES;
				CLANG_WARN_EMPTY_BODY = YES;
				CLANG_WARN_ENUM_CONVERSION = YES;
				CLANG_WARN_INFINITE_RECURSION = YES;
				CLANG_WARN_INT_CONVERSION = YES;
				CLANG_WARN_OBJC_ROOT_CLASS = YES_ERROR;
				CLANG_WARN_SUSPICIOUS_MOVE = YES;
				CLANG_WARN_UNREACHABLE_CODE = YES;
				CLANG_WARN__DUPLICATE_METHOD_MATCH = YES;
				"CODE_SIGN_IDENTITY[sdk=iphoneos*]" = "iPhone Developer";
				COPY_PHASE_STRIP = NO;
				DEBUG_INFORMATION_FORMAT = dwarf;
				ENABLE_STRICT_OBJC_MSGSEND = YES;
				ENABLE_TESTABILITY = YES;
				GCC_C_LANGUAGE_STANDARD = gnu99;
				GCC_DYNAMIC_NO_PIC = NO;
				GCC_NO_COMMON_BLOCKS = YES;
				GCC_OPTIMIZATION_LEVEL = 0;
				GCC_PREPROCESSOR_DEFINITIONS = (
					"DEBUG=1",
					"$(inherited)",
				);
				GCC_WARN_64_TO_32_BIT_CONVERSION = YES;
				GCC_WARN_ABOUT_RETURN_TYPE = YES_ERROR;
				GCC_WARN_UNDECLARED_SELECTOR = YES;
				GCC_WARN_UNINITIALIZED_AUTOS = YES_AGGRESSIVE;
				GCC_WARN_UNUSED_FUNCTION = YES;
				GCC_WARN_UNUSED_VARIABLE = YES;
				IPHONEOS_DEPLOYMENT_TARGET = 10.3;
				MTL_ENABLE_DEBUG_INFO = YES;
				ONLY_ACTIVE_ARCH = YES;
				SDKROOT = iphoneos;
			};
			name = Debug;
		};
		010C785B1EA86D6300D4DF82 /* Release */ = {
			isa = XCBuildConfiguration;
			buildSettings = {
				ALWAYS_SEARCH_USER_PATHS = NO;
				CLANG_ANALYZER_NONNULL = YES;
				CLANG_ANALYZER_NUMBER_OBJECT_CONVERSION = YES_AGGRESSIVE;
				CLANG_CXX_LANGUAGE_STANDARD = "gnu++0x";
				CLANG_CXX_LIBRARY = "libc++";
				CLANG_ENABLE_MODULES = YES;
				CLANG_ENABLE_OBJC_ARC = YES;
				CLANG_WARN_BOOL_CONVERSION = YES;
				CLANG_WARN_CONSTANT_CONVERSION = YES;
				CLANG_WARN_DIRECT_OBJC_ISA_USAGE = YES_ERROR;
				CLANG_WARN_DOCUMENTATION_COMMENTS = YES;
				CLANG_WARN_EMPTY_BODY = YES;
				CLANG_WARN_ENUM_CONVERSION = YES;
				CLANG_WARN_INFINITE_RECURSION = YES;
				CLANG_WARN_INT_CONVERSION = YES;
				CLANG_WARN_OBJC_ROOT_CLASS = YES_ERROR;
				CLANG_WARN_SUSPICIOUS_MOVE = YES;
				CLANG_WARN_UNREACHABLE_CODE = YES;
				CLANG_WARN__DUPLICATE_METHOD_MATCH = YES;
				"CODE_SIGN_IDENTITY[sdk=iphoneos*]" = "iPhone Developer";
				COPY_PHASE_STRIP = NO;
				DEBUG_INFORMATION_FORMAT = "dwarf-with-dsym";
				ENABLE_NS_ASSERTIONS = NO;
				ENABLE_STRICT_OBJC_MSGSEND = YES;
				GCC_C_LANGUAGE_STANDARD = gnu99;
				GCC_NO_COMMON_BLOCKS = YES;
				GCC_WARN_64_TO_32_BIT_CONVERSION = YES;
				GCC_WARN_ABOUT_RETURN_TYPE = YES_ERROR;
				GCC_WARN_UNDECLARED_SELECTOR = YES;
				GCC_WARN_UNINITIALIZED_AUTOS = YES_AGGRESSIVE;
				GCC_WARN_UNUSED_FUNCTION = YES;
				GCC_WARN_UNUSED_VARIABLE = YES;
				IPHONEOS_DEPLOYMENT_TARGET = 10.3;
				MTL_ENABLE_DEBUG_INFO = NO;
				SDKROOT = iphoneos;
				VALIDATE_PRODUCT = YES;
			};
			name = Release;
		};
		010C785D1EA86D6300D4DF82 /* Debug */ = {
			isa = XCBuildConfiguration;
			buildSettings = {
				ASSETCATALOG_COMPILER_APPICON_NAME = AppIcon;
				DEVELOPMENT_TEAM = Y3QN5VQT38;
				INFOPLIST_FILE = RGBrokerage/Info.plist;
				LD_RUNPATH_SEARCH_PATHS = "$(inherited) @executable_path/Frameworks";
				PRODUCT_BUNDLE_IDENTIFIER = com.roshan.RGBrokerage;
				PRODUCT_NAME = "$(TARGET_NAME)";
			};
			name = Debug;
		};
		010C785E1EA86D6300D4DF82 /* Release */ = {
			isa = XCBuildConfiguration;
			buildSettings = {
				ASSETCATALOG_COMPILER_APPICON_NAME = AppIcon;
				DEVELOPMENT_TEAM = Y3QN5VQT38;
				INFOPLIST_FILE = RGBrokerage/Info.plist;
				LD_RUNPATH_SEARCH_PATHS = "$(inherited) @executable_path/Frameworks";
				PRODUCT_BUNDLE_IDENTIFIER = com.roshan.RGBrokerage;
				PRODUCT_NAME = "$(TARGET_NAME)";
			};
			name = Release;
		};
/* End XCBuildConfiguration section */

/* Begin XCConfigurationList section */
		010C78401EA86D6200D4DF82 /* Build configuration list for PBXProject "RGBrokerage" */ = {
			isa = XCConfigurationList;
			buildConfigurations = (
				010C785A1EA86D6300D4DF82 /* Debug */,
				010C785B1EA86D6300D4DF82 /* Release */,
			);
			defaultConfigurationIsVisible = 0;
			defaultConfigurationName = Release;
		};
		010C785C1EA86D6300D4DF82 /* Build configuration list for PBXNativeTarget "RGBrokerage" */ = {
			isa = XCConfigurationList;
			buildConfigurations = (
				010C785D1EA86D6300D4DF82 /* Debug */,
				010C785E1EA86D6300D4DF82 /* Release */,
			);
			defaultConfigurationIsVisible = 0;
			defaultConfigurationName = Release;
		};
/* End XCConfigurationList section */
	};
	rootObject = 010C783D1EA86D6200D4DF82 /* Project object */;
}
